
Microsoft Visual Studio Solution File, Format Version 12.00
# Visual Studio 15
VisualStudioVersion = 15.0.28307.572
MinimumVisualStudioVersion = 10.0.40219.1
Project("{FAE04EC0-301F-11D3-BF4B-00C04F79EFBC}") = "0521_LabelTextBoxButton", "0521_LabelTextBoxButton\0521_LabelTextBoxButton.csproj", "{618D2527-D5AB-4C12-A074-478FC7BDAF38}"
EndProject
Global
	GlobalSection(SolutionConfigurationPlatforms) = preSolution
		Debug|Any CPU = Debug|Any CPU
		Release|Any CPU = Release|Any CPU
	EndGlobalSection
	GlobalSection(ProjectConfigurationPlatforms) = postSolution
		{618D2527-D5AB-4C12-A074-478FC7BDAF38}.Debug|Any CPU.ActiveCfg = Debug|Any CPU
		{618D2527-D5AB-4C12-A074-478FC7BDAF38}.Debug|Any CPU.Build.0 = Debug|Any CPU
		{618D2527-D5AB-4C12-A074-478FC7BDAF38}.Release|Any CPU.ActiveCfg = Release|Any CPU
		{618D2527-D5AB-4C12-A074-478FC7BDAF38}.Release|Any CPU.Build.0 = Release|Any CPU
	EndGlobalSection
	GlobalSection(SolutionProperties) = preSolution
		HideSolutionNode = FALSE
	EndGlobalSection
	GlobalSection(ExtensibilityGlobals) = postSolution
		SolutionGuid = {8E3FEBC7-D52E-45A7-8A52-79D79B4A49ED}
	EndGlobalSection
EndGlobal
