
Microsoft Visual Studio Solution File, Format Version 12.00
# Visual Studio 15
VisualStudioVersion = 15.0.28307.572
MinimumVisualStudioVersion = 10.0.40219.1
Project("{FAE04EC0-301F-11D3-BF4B-00C04F79EFBC}") = "0618_Random", "0618_Random\0618_Random.csproj", "{A334B08B-3757-4F1F-B07F-80D4E5895913}"
EndProject
Global
	GlobalSection(SolutionConfigurationPlatforms) = preSolution
		Debug|Any CPU = Debug|Any CPU
		Release|Any CPU = Release|Any CPU
	EndGlobalSection
	GlobalSection(ProjectConfigurationPlatforms) = postSolution
		{A334B08B-3757-4F1F-B07F-80D4E5895913}.Debug|Any CPU.ActiveCfg = Debug|Any CPU
		{A334B08B-3757-4F1F-B07F-80D4E5895913}.Debug|Any CPU.Build.0 = Debug|Any CPU
		{A334B08B-3757-4F1F-B07F-80D4E5895913}.Release|Any CPU.ActiveCfg = Release|Any CPU
		{A334B08B-3757-4F1F-B07F-80D4E5895913}.Release|Any CPU.Build.0 = Release|Any CPU
	EndGlobalSection
	GlobalSection(SolutionProperties) = preSolution
		HideSolutionNode = FALSE
	EndGlobalSection
	GlobalSection(ExtensibilityGlobals) = postSolution
		SolutionGuid = {CADF7F92-5B9D-49B2-BC02-7799D9AE59CF}
	EndGlobalSection
EndGlobal
