
Microsoft Visual Studio Solution File, Format Version 12.00
# Visual Studio 15
VisualStudioVersion = 15.0.28307.572
MinimumVisualStudioVersion = 10.0.40219.1
Project("{FAE04EC0-301F-11D3-BF4B-00C04F79EFBC}") = "0618_1Eventhandler", "0618_1Eventhandler\0618_1Eventhandler.csproj", "{5B5F6449-6498-4AAD-A546-39B75CE64577}"
EndProject
Global
	GlobalSection(SolutionConfigurationPlatforms) = preSolution
		Debug|Any CPU = Debug|Any CPU
		Release|Any CPU = Release|Any CPU
	EndGlobalSection
	GlobalSection(ProjectConfigurationPlatforms) = postSolution
		{5B5F6449-6498-4AAD-A546-39B75CE64577}.Debug|Any CPU.ActiveCfg = Debug|Any CPU
		{5B5F6449-6498-4AAD-A546-39B75CE64577}.Debug|Any CPU.Build.0 = Debug|Any CPU
		{5B5F6449-6498-4AAD-A546-39B75CE64577}.Release|Any CPU.ActiveCfg = Release|Any CPU
		{5B5F6449-6498-4AAD-A546-39B75CE64577}.Release|Any CPU.Build.0 = Release|Any CPU
	EndGlobalSection
	GlobalSection(SolutionProperties) = preSolution
		HideSolutionNode = FALSE
	EndGlobalSection
	GlobalSection(ExtensibilityGlobals) = postSolution
		SolutionGuid = {950D43DF-C421-41F8-A0D5-035130AC8DA1}
	EndGlobalSection
EndGlobal
