
Microsoft Visual Studio Solution File, Format Version 12.00
# Visual Studio 15
VisualStudioVersion = 15.0.28307.572
MinimumVisualStudioVersion = 10.0.40219.1
Project("{FAE04EC0-301F-11D3-BF4B-00C04F79EFBC}") = "Kadai04_Timer", "Kadai04_Timer\Kadai04_Timer.csproj", "{BA2FE995-61A6-4294-B8A0-9061B76DF17C}"
EndProject
Global
	GlobalSection(SolutionConfigurationPlatforms) = preSolution
		Debug|Any CPU = Debug|Any CPU
		Release|Any CPU = Release|Any CPU
	EndGlobalSection
	GlobalSection(ProjectConfigurationPlatforms) = postSolution
		{BA2FE995-61A6-4294-B8A0-9061B76DF17C}.Debug|Any CPU.ActiveCfg = Debug|Any CPU
		{BA2FE995-61A6-4294-B8A0-9061B76DF17C}.Debug|Any CPU.Build.0 = Debug|Any CPU
		{BA2FE995-61A6-4294-B8A0-9061B76DF17C}.Release|Any CPU.ActiveCfg = Release|Any CPU
		{BA2FE995-61A6-4294-B8A0-9061B76DF17C}.Release|Any CPU.Build.0 = Release|Any CPU
	EndGlobalSection
	GlobalSection(SolutionProperties) = preSolution
		HideSolutionNode = FALSE
	EndGlobalSection
	GlobalSection(ExtensibilityGlobals) = postSolution
		SolutionGuid = {C50B1097-5E56-45F3-8E6D-2281204F7988}
	EndGlobalSection
EndGlobal
