
Microsoft Visual Studio Solution File, Format Version 12.00
# Visual Studio 15
VisualStudioVersion = 15.0.28307.572
MinimumVisualStudioVersion = 10.0.40219.1
Project("{FAE04EC0-301F-11D3-BF4B-00C04F79EFBC}") = "0625_Control", "0625_Control\0625_Control.csproj", "{0095A059-282C-46F3-B544-5F335BC2A2A1}"
EndProject
Global
	GlobalSection(SolutionConfigurationPlatforms) = preSolution
		Debug|Any CPU = Debug|Any CPU
		Release|Any CPU = Release|Any CPU
	EndGlobalSection
	GlobalSection(ProjectConfigurationPlatforms) = postSolution
		{0095A059-282C-46F3-B544-5F335BC2A2A1}.Debug|Any CPU.ActiveCfg = Debug|Any CPU
		{0095A059-282C-46F3-B544-5F335BC2A2A1}.Debug|Any CPU.Build.0 = Debug|Any CPU
		{0095A059-282C-46F3-B544-5F335BC2A2A1}.Release|Any CPU.ActiveCfg = Release|Any CPU
		{0095A059-282C-46F3-B544-5F335BC2A2A1}.Release|Any CPU.Build.0 = Release|Any CPU
	EndGlobalSection
	GlobalSection(SolutionProperties) = preSolution
		HideSolutionNode = FALSE
	EndGlobalSection
	GlobalSection(ExtensibilityGlobals) = postSolution
		SolutionGuid = {6918B77B-E6C5-4F8E-84EA-100644634E1E}
	EndGlobalSection
EndGlobal
