
Microsoft Visual Studio Solution File, Format Version 12.00
# Visual Studio 15
VisualStudioVersion = 15.0.28307.572
MinimumVisualStudioVersion = 10.0.40219.1
Project("{FAE04EC0-301F-11D3-BF4B-00C04F79EFBC}") = "0611_Controllers", "0611_Controllers\0611_Controllers.csproj", "{02246547-A36D-4965-8235-1180B22CB0DB}"
EndProject
Global
	GlobalSection(SolutionConfigurationPlatforms) = preSolution
		Debug|Any CPU = Debug|Any CPU
		Release|Any CPU = Release|Any CPU
	EndGlobalSection
	GlobalSection(ProjectConfigurationPlatforms) = postSolution
		{02246547-A36D-4965-8235-1180B22CB0DB}.Debug|Any CPU.ActiveCfg = Debug|Any CPU
		{02246547-A36D-4965-8235-1180B22CB0DB}.Debug|Any CPU.Build.0 = Debug|Any CPU
		{02246547-A36D-4965-8235-1180B22CB0DB}.Release|Any CPU.ActiveCfg = Release|Any CPU
		{02246547-A36D-4965-8235-1180B22CB0DB}.Release|Any CPU.Build.0 = Release|Any CPU
	EndGlobalSection
	GlobalSection(SolutionProperties) = preSolution
		HideSolutionNode = FALSE
	EndGlobalSection
	GlobalSection(ExtensibilityGlobals) = postSolution
		SolutionGuid = {AFA29BB2-B1BE-42BF-9C8C-FC77A96B3CAB}
	EndGlobalSection
EndGlobal
