
Microsoft Visual Studio Solution File, Format Version 12.00
# Visual Studio 15
VisualStudioVersion = 15.0.28307.572
MinimumVisualStudioVersion = 10.0.40219.1
Project("{FAE04EC0-301F-11D3-BF4B-00C04F79EFBC}") = "0924_ProgressBar", "0924_ProgressBar\0924_ProgressBar.csproj", "{54269F5A-E6A6-4A84-AE0E-8A9493203EA5}"
EndProject
Global
	GlobalSection(SolutionConfigurationPlatforms) = preSolution
		Debug|Any CPU = Debug|Any CPU
		Release|Any CPU = Release|Any CPU
	EndGlobalSection
	GlobalSection(ProjectConfigurationPlatforms) = postSolution
		{54269F5A-E6A6-4A84-AE0E-8A9493203EA5}.Debug|Any CPU.ActiveCfg = Debug|Any CPU
		{54269F5A-E6A6-4A84-AE0E-8A9493203EA5}.Debug|Any CPU.Build.0 = Debug|Any CPU
		{54269F5A-E6A6-4A84-AE0E-8A9493203EA5}.Release|Any CPU.ActiveCfg = Release|Any CPU
		{54269F5A-E6A6-4A84-AE0E-8A9493203EA5}.Release|Any CPU.Build.0 = Release|Any CPU
	EndGlobalSection
	GlobalSection(SolutionProperties) = preSolution
		HideSolutionNode = FALSE
	EndGlobalSection
	GlobalSection(ExtensibilityGlobals) = postSolution
		SolutionGuid = {D07FC0DB-220D-4049-A88D-EA6664C1A7D3}
	EndGlobalSection
EndGlobal
